
Microsoft Visual Studio Solution File, Format Version 12.00
# Visual Studio Version 16
VisualStudioVersion = 16.0.31624.102
MinimumVisualStudioVersion = 10.0.40219.1
Project("{FAE04EC0-301F-11D3-BF4B-00C04F79EFBC}") = "OnlineReservationSystem", "OnlineReservationSystem.csproj", "{28EF49EF-E2B7-40E1-AC87-C38553B5E48E}"
EndProject
Global
	GlobalSection(SolutionConfigurationPlatforms) = preSolution
		Debug|Any CPU = Debug|Any CPU
		Release|Any CPU = Release|Any CPU
	EndGlobalSection
	GlobalSection(ProjectConfigurationPlatforms) = postSolution
		{28EF49EF-E2B7-40E1-AC87-C38553B5E48E}.Debug|Any CPU.ActiveCfg = Debug|Any CPU
		{28EF49EF-E2B7-40E1-AC87-C38553B5E48E}.Debug|Any CPU.Build.0 = Debug|Any CPU
		{28EF49EF-E2B7-40E1-AC87-C38553B5E48E}.Release|Any CPU.ActiveCfg = Release|Any CPU
		{28EF49EF-E2B7-40E1-AC87-C38553B5E48E}.Release|Any CPU.Build.0 = Release|Any CPU
	EndGlobalSection
	GlobalSection(SolutionProperties) = preSolution
		HideSolutionNode = FALSE
	EndGlobalSection
	GlobalSection(ExtensibilityGlobals) = postSolution
		SolutionGuid = {8CE63FCF-7822-4502-B90F-E64D7DDDE9A5}
	EndGlobalSection
EndGlobal
